{
    "requires": true,
    "lockfileVersion": 1,
    "dependencies": {
        "@material/animation": {
            "version": "0.25.0",
            "resolved": "https://registry.npmjs.org/@material/animation/-/animation-0.25.0.tgz",
            "integrity": "sha512-4RzlpMwJtMnQ3/rNf4zpG9qnoQcCkYiRs6U515MRQzv7qFl1eCZx3U3dGaUu7UVf3Hwx4RskUB/fBxGc0b61CQ=="
        },
        "@material/base": {
            "version": "0.29.0",
            "resolved": "https://registry.npmjs.org/@material/base/-/base-0.29.0.tgz",
            "integrity": "sha512-5jgaxI0x18JWb7orFPNm+on3Oe1o0RUgrh/xSpuJ4U4rEwMmC94rOMdacllaenmUuLq1DRPE7UeGOzfWfZf3bQ=="
        },
        "@material/rtl": {
            "version": "0.33.0",
            "resolved": "https://registry.npmjs.org/@material/rtl/-/rtl-0.33.0.tgz",
            "integrity": "sha512-uCx7IcDdxL3KkskzGHy3guK22sBl/l5TiTkIXq3MJBKnsIicYA/Ygy1q9ft72nXGsCWxgv+0uukduQE15zjh/g=="
        },
        "@material/snackbar": {
            "version": "0.33.0",
            "resolved": "https://registry.npmjs.org/@material/snackbar/-/snackbar-0.33.0.tgz",
            "integrity": "sha512-SI6XOpFnzt/FyPNH+LQPAEb/Rf3K1cK3O2AGcCdIErRc8xjRYjV9Jnm4UwZ8BsKu7vFnFGrEcHJois8IZ1fhsA==",
            "requires": {
                "@material/animation": "0.25.0",
                "@material/base": "0.29.0",
                "@material/rtl": "0.33.0",
                "@material/theme": "0.33.0",
                "@material/typography": "0.28.0"
            }
        },
        "@material/theme": {
            "version": "0.33.0",
            "resolved": "https://registry.npmjs.org/@material/theme/-/theme-0.33.0.tgz",
            "integrity": "sha512-6uWLB7xypHblYGi43TNxCR8505T5DQUUmWTi/EJg/Q+NvRJy9ZBU5lx9u9bEdXg13wVWlwtA3EqKA3OsOztJSg=="
        },
        "@material/typography": {
            "version": "0.28.0",
            "resolved": "https://registry.npmjs.org/@material/typography/-/typography-0.28.0.tgz",
            "integrity": "sha512-Cz8XxO/bocChQAM87xTAN9CM31Q04FgW0N4lSQWyha2PAK/LdtfjjWFPZWNZKyQbZJBNjINbE3/PqMnWDTd4cQ=="
        }
    }
}
